Microsoft Visual Studio Solution File, Format Version 12.00
# Visual Studio Version 17
VisualStudioVersion = 17.0.31903.59
MinimumVisualStudioVersion = 10.0.40219.1
Project("{FAE04EC0-301F-11D3-BF4B-00C04F79EFBC}") = "SchoolPayment", "SchoolPayment\SchoolPayment.csproj", "{7E3C9A12-4B8F-4D21-9C55-A8F1D62E0B47}"
EndProject
Global
	GlobalSection(SolutionConfigurationPlatforms) = preSolution
		Debug|Any CPU = Debug|Any CPU
		Release|Any CPU = Release|Any CPU
	EndGlobalSection
	GlobalSection(ProjectConfigurationPlatforms) = postSolution
		{7E3C9A12-4B8F-4D21-9C55-A8F1D62E0B47}.Debug|Any CPU.ActiveCfg = Debug|Any CPU
		{7E3C9A12-4B8F-4D21-9C55-A8F1D62E0B47}.Debug|Any CPU.Build.0 = Debug|Any CPU
		{7E3C9A12-4B8F-4D21-9C55-A8F1D62E0B47}.Release|Any CPU.ActiveCfg = Release|Any CPU
		{7E3C9A12-4B8F-4D21-9C55-A8F1D62E0B47}.Release|Any CPU.Build.0 = Release|Any CPU
	EndGlobalSection
	GlobalSection(SolutionProperties) = preSolution
		HideSolutionNode = FALSE
	EndGlobalSection
	GlobalSection(ExtensibilityGlobals) = postSolution
		SolutionGuid = {C4A91F33-8E70-4B2A-9D18-5F6C7A1B2E90}
	EndGlobalSection
EndGlobal
